
Microsoft Visual Studio Solution File, Format Version 12.00
# Visual Studio 15
VisualStudioVersion = 15.0.28010.2048
MinimumVisualStudioVersion = 10.0.40219.1
Project("{FAE04EC0-301F-11D3-BF4B-00C04F79EFBC}") = "BinaryFlag", "BinaryFlag\BinaryFlag.csproj", "{242EA732-59C9-4800-91C2-88B9A1223C26}"
EndProject
Global
	GlobalSection(SolutionConfigurationPlatforms) = preSolution
		Debug|Any CPU = Debug|Any CPU
		Release|Any CPU = Release|Any CPU
	EndGlobalSection
	GlobalSection(ProjectConfigurationPlatforms) = postSolution
		{242EA732-59C9-4800-91C2-88B9A1223C26}.Debug|Any CPU.ActiveCfg = Debug|Any CPU
		{242EA732-59C9-4800-91C2-88B9A1223C26}.Debug|Any CPU.Build.0 = Debug|Any CPU
		{242EA732-59C9-4800-91C2-88B9A1223C26}.Release|Any CPU.ActiveCfg = Release|Any CPU
		{242EA732-59C9-4800-91C2-88B9A1223C26}.Release|Any CPU.Build.0 = Release|Any CPU
	EndGlobalSection
	GlobalSection(SolutionProperties) = preSolution
		HideSolutionNode = FALSE
	EndGlobalSection
	GlobalSection(ExtensibilityGlobals) = postSolution
		SolutionGuid = {853F99FF-4BCE-4E7A-BB29-3A90CDDA0B35}
	EndGlobalSection
EndGlobal
